<Solution>
  <Folder Name="/.github/">
    <File Path="../.github/copilot-instructions.md" />
  </Folder>
  <Configurations>
    <BuildType Name="Release" />
  </Configurations>
  <Project Path="DamagerWorker_BombNoCamShake/DamagerWorker_BombNoCamShake.csproj" />
  <Project Path="GrenadesExpanded/GrenadesExpanded.csproj" />
</Solution>